<?xml version="1.0" encoding="utf-8"?>
<Project ToolsVersion="18.0" xmlns="http://schemas.microsoft.com/developer/msbuild/2003">
  <ItemGroup>
    <CustomBuild Include="C:\Users\Don\Documents\GitHub\Rev\build-verify6\CMakeFiles\c25606780634ff193b600af405fbc25f\EmbedResources.rule">
      <Filter>CMake Rules</Filter>
    </CustomBuild>
    <CustomBuild Include="C:\Users\Don\Documents\GitHub\Rev\Rev\CMakeLists.txt" />
  </ItemGroup>
  <ItemGroup>
    <None Include="C:\Users\Don\Documents\GitHub\Rev\build-verify6\Rev\CMakeFiles\EmbedResources" />
  </ItemGroup>
  <ItemGroup>
    <Filter Include="CMake Rules">
      <UniqueIdentifier>{60CDBF20-45A0-33D0-9E30-BAB95B30A9DA}</UniqueIdentifier>
    </Filter>
  </ItemGroup>
</Project>
